
Microsoft Visual Studio Solution File, Format Version 12.00
# Visual Studio 15
VisualStudioVersion = 15.0.28307.572
MinimumVisualStudioVersion = 10.0.40219.1
Project("{FAE04EC0-301F-11D3-BF4B-00C04F79EFBC}") = "7DRL_2021", "7DRL_2021\7DRL_2021.csproj", "{40DCB728-7E91-4C31-A29D-386516DA4243}"
EndProject
Global
	GlobalSection(SolutionConfigurationPlatforms) = preSolution
		Debug|x86 = Debug|x86
		Debug|x86Linux = Debug|x86Linux
		Release|x86 = Release|x86
		Release|x86Linux = Release|x86Linux
	EndGlobalSection
	GlobalSection(ProjectConfigurationPlatforms) = postSolution
		{40DCB728-7E91-4C31-A29D-386516DA4243}.Debug|x86.ActiveCfg = Debug|x86
		{40DCB728-7E91-4C31-A29D-386516DA4243}.Debug|x86.Build.0 = Debug|x86
		{40DCB728-7E91-4C31-A29D-386516DA4243}.Debug|x86Linux.ActiveCfg = Debug|x86Linux
		{40DCB728-7E91-4C31-A29D-386516DA4243}.Debug|x86Linux.Build.0 = Debug|x86Linux
		{40DCB728-7E91-4C31-A29D-386516DA4243}.Release|x86.ActiveCfg = Release|x86
		{40DCB728-7E91-4C31-A29D-386516DA4243}.Release|x86.Build.0 = Release|x86
		{40DCB728-7E91-4C31-A29D-386516DA4243}.Release|x86Linux.ActiveCfg = Release|x86Linux
		{40DCB728-7E91-4C31-A29D-386516DA4243}.Release|x86Linux.Build.0 = Release|x86Linux
	EndGlobalSection
	GlobalSection(SolutionProperties) = preSolution
		HideSolutionNode = FALSE
	EndGlobalSection
	GlobalSection(ExtensibilityGlobals) = postSolution
		SolutionGuid = {2ABA1C1E-CED3-4BC6-A81D-09CF4947231A}
	EndGlobalSection
EndGlobal
